// !$*UTF8*$!
{
	archiveVersion = 1;
	classes = {
	};
	objectVersion = 56;
	objects = {

/* Begin PBXBuildFile section */
		F512670529CB882B0015CB28 /* RestartAppApp.swift in Sources */ = {isa = PBXBuildFile; fileRef = F512670429CB882B0015CB28 /* RestartAppApp.swift */; };
		F512670729CB882B0015CB28 /* ContentView.swift in Sources */ = {isa = PBXBuildFile; fileRef = F512670629CB882B0015CB28 /* ContentView.swift */; };
		F512670929CB882C0015CB28 /* Assets.xcassets in Resources */ = {isa = PBXBuildFile; fileRef = F512670829CB882C0015CB28 /* Assets.xcassets */; };
		F512670C29CB882C0015CB28 /* Preview Assets.xcassets in Resources */ = {isa = PBXBuildFile; fileRef = F512670B29CB882C0015CB28 /* Preview Assets.xcassets */; };
		F512671429CB89410015CB28 /* success.m4a in Resources */ = {isa = PBXBuildFile; fileRef = F512671229CB89410015CB28 /* success.m4a */; };
		F512671529CB89410015CB28 /* chimeup.mp3 in Resources */ = {isa = PBXBuildFile; fileRef = F512671329CB89410015CB28 /* chimeup.mp3 */; };
		F512671C29CB8C980015CB28 /* OnboardingView.swift in Sources */ = {isa = PBXBuildFile; fileRef = F512671B29CB8C980015CB28 /* OnboardingView.swift */; };
		F512671E29CB8C9F0015CB28 /* HomeView.swift in Sources */ = {isa = PBXBuildFile; fileRef = F512671D29CB8C9F0015CB28 /* HomeView.swift */; };
		F512672029CB99DF0015CB28 /* CircleGroupView.swift in Sources */ = {isa = PBXBuildFile; fileRef = F512671F29CB99DF0015CB28 /* CircleGroupView.swift */; };
		F56A090429CC5A8B00C7906A /* AudioPlayer.swift in Sources */ = {isa = PBXBuildFile; fileRef = F56A090329CC5A8B00C7906A /* AudioPlayer.swift */; };
		F56A090729CC61C800C7906A /* QuoteData.swift in Sources */ = {isa = PBXBuildFile; fileRef = F56A090629CC61C800C7906A /* QuoteData.swift */; };
/* End PBXBuildFile section */

/* Begin PBXFileReference section */
		F512670129CB882B0015CB28 /* RestartApp.app */ = {isa = PBXFileReference; explicitFileType = wrapper.application; includeInIndex = 0; path = RestartApp.app; sourceTree = BUILT_PRODUCTS_DIR; };
		F512670429CB882B0015CB28 /* RestartAppApp.swift */ = {isa = PBXFileReference; lastKnownFileType = sourcecode.swift; path = RestartAppApp.swift; sourceTree = "<group>"; };
		F512670629CB882B0015CB28 /* ContentView.swift */ = {isa = PBXFileReference; lastKnownFileType = sourcecode.swift; path = ContentView.swift; sourceTree = "<group>"; };
		F512670829CB882C0015CB28 /* Assets.xcassets */ = {isa = PBXFileReference; lastKnownFileType = folder.assetcatalog; path = Assets.xcassets; sourceTree = "<group>"; };
		F512670B29CB882C0015CB28 /* Preview Assets.xcassets */ = {isa = PBXFileReference; lastKnownFileType = folder.assetcatalog; path = "Preview Assets.xcassets"; sourceTree = "<group>"; };
		F512671229CB89410015CB28 /* success.m4a */ = {isa = PBXFileReference; lastKnownFileType = file; path = success.m4a; sourceTree = "<group>"; };
		F512671329CB89410015CB28 /* chimeup.mp3 */ = {isa = PBXFileReference; lastKnownFileType = audio.mp3; path = chimeup.mp3; sourceTree = "<group>"; };
		F512671A29CB8BF80015CB28 /* Info.plist */ = {isa = PBXFileReference; lastKnownFileType = text.plist; path = Info.plist; sourceTree = "<group>"; };
		F512671B29CB8C980015CB28 /* OnboardingView.swift */ = {isa = PBXFileReference; lastKnownFileType = sourcecode.swift; path = OnboardingView.swift; sourceTree = "<group>"; };
		F512671D29CB8C9F0015CB28 /* HomeView.swift */ = {isa = PBXFileReference; lastKnownFileType = sourcecode.swift; path = HomeView.swift; sourceTree = "<group>"; };
		F512671F29CB99DF0015CB28 /* CircleGroupView.swift */ = {isa = PBXFileReference; lastKnownFileType = sourcecode.swift; path = CircleGroupView.swift; sourceTree = "<group>"; };
		F56A090329CC5A8B00C7906A /* AudioPlayer.swift */ = {isa = PBXFileReference; lastKnownFileType = sourcecode.swift; path = AudioPlayer.swift; sourceTree = "<group>"; };
		F56A090629CC61C800C7906A /* QuoteData.swift */ = {isa = PBXFileReference; lastKnownFileType = sourcecode.swift; path = QuoteData.swift; sourceTree = "<group>"; };
/* End PBXFileReference section */

/* Begin PBXFrameworksBuildPhase section */
		F51266FE29CB882B0015CB28 /* Frameworks */ = {
			isa = PBXFrameworksBuildPhase;
			buildActionMask = 2147483647;
			files = (
			);
			runOnlyForDeploymentPostprocessing = 0;
		};
/* End PBXFrameworksBuildPhase section */

/* Begin PBXGroup section */
		F51266F829CB882B0015CB28 = {
			isa = PBXGroup;
			children = (
				F512670329CB882B0015CB28 /* RestartApp */,
				F512670229CB882B0015CB28 /* Products */,
			);
			sourceTree = "<group>";
		};
		F512670229CB882B0015CB28 /* Products */ = {
			isa = PBXGroup;
			children = (
				F512670129CB882B0015CB28 /* RestartApp.app */,
			);
			name = Products;
			sourceTree = "<group>";
		};
		F512670329CB882B0015CB28 /* RestartApp */ = {
			isa = PBXGroup;
			children = (
				F512670429CB882B0015CB28 /* RestartAppApp.swift */,
				F512670829CB882C0015CB28 /* Assets.xcassets */,
				F512671A29CB8BF80015CB28 /* Info.plist */,
				F512671929CB8AEF0015CB28 /* Utilities */,
				F512671829CB8AA50015CB28 /* Views */,
				F512671629CB89F70015CB28 /* Sounds */,
				F512671729CB8A6A0015CB28 /* Screens */,
				F56A090529CC61A700C7906A /* Data */,
				F512670A29CB882C0015CB28 /* Preview Content */,
			);
			path = RestartApp;
			sourceTree = "<group>";
		};
		F512670A29CB882C0015CB28 /* Preview Content */ = {
			isa = PBXGroup;
			children = (
				F512670B29CB882C0015CB28 /* Preview Assets.xcassets */,
			);
			path = "Preview Content";
			sourceTree = "<group>";
		};
		F512671629CB89F70015CB28 /* Sounds */ = {
			isa = PBXGroup;
			children = (
				F512671329CB89410015CB28 /* chimeup.mp3 */,
				F512671229CB89410015CB28 /* success.m4a */,
			);
			path = Sounds;
			sourceTree = "<group>";
		};
		F512671729CB8A6A0015CB28 /* Screens */ = {
			isa = PBXGroup;
			children = (
				F512670629CB882B0015CB28 /* ContentView.swift */,
				F512671B29CB8C980015CB28 /* OnboardingView.swift */,
				F512671D29CB8C9F0015CB28 /* HomeView.swift */,
			);
			path = Screens;
			sourceTree = "<group>";
		};
		F512671829CB8AA50015CB28 /* Views */ = {
			isa = PBXGroup;
			children = (
				F512671F29CB99DF0015CB28 /* CircleGroupView.swift */,
			);
			path = Views;
			sourceTree = "<group>";
		};
		F512671929CB8AEF0015CB28 /* Utilities */ = {
			isa = PBXGroup;
			children = (
				F56A090329CC5A8B00C7906A /* AudioPlayer.swift */,
			);
			path = Utilities;
			sourceTree = "<group>";
		};
		F56A090529CC61A700C7906A /* Data */ = {
			isa = PBXGroup;
			children = (
				F56A090629CC61C800C7906A /* QuoteData.swift */,
			);
			path = Data;
			sourceTree = "<group>";
		};
/* End PBXGroup section */

/* Begin PBXNativeTarget section */
		F512670029CB882B0015CB28 /* RestartApp */ = {
			isa = PBXNativeTarget;
			buildConfigurationList = F512670F29CB882C0015CB28 /* Build configuration list for PBXNativeTarget "RestartApp" */;
			buildPhases = (
				F51266FD29CB882B0015CB28 /* Sources */,
				F51266FE29CB882B0015CB28 /* Frameworks */,
				F51266FF29CB882B0015CB28 /* Resources */,
			);
			buildRules = (
			);
			dependencies = (
			);
			name = RestartApp;
			productName = RestartApp;
			productReference = F512670129CB882B0015CB28 /* RestartApp.app */;
			productType = "com.apple.product-type.application";
		};
/* End PBXNativeTarget section */

/* Begin PBXProject section */
		F51266F929CB882B0015CB28 /* Project object */ = {
			isa = PBXProject;
			attributes = {
				BuildIndependentTargetsInParallel = 1;
				LastSwiftUpdateCheck = 1420;
				LastUpgradeCheck = 1420;
				TargetAttributes = {
					F512670029CB882B0015CB28 = {
						CreatedOnToolsVersion = 14.2;
					};
				};
			};
			buildConfigurationList = F51266FC29CB882B0015CB28 /* Build configuration list for PBXProject "RestartApp" */;
			compatibilityVersion = "Xcode 14.0";
			developmentRegion = en;
			hasScannedForEncodings = 0;
			knownRegions = (
				en,
				Base,
			);
			mainGroup = F51266F829CB882B0015CB28;
			productRefGroup = F512670229CB882B0015CB28 /* Products */;
			projectDirPath = "";
			projectRoot = "";
			targets = (
				F512670029CB882B0015CB28 /* RestartApp */,
			);
		};
/* End PBXProject section */

/* Begin PBXResourcesBuildPhase section */
		F51266FF29CB882B0015CB28 /* Resources */ = {
			isa = PBXResourcesBuildPhase;
			buildActionMask = 2147483647;
			files = (
				F512671529CB89410015CB28 /* chimeup.mp3 in Resources */,
				F512670C29CB882C0015CB28 /* Preview Assets.xcassets in Resources */,
				F512671429CB89410015CB28 /* success.m4a in Resources */,
				F512670929CB882C0015CB28 /* Assets.xcassets in Resources */,
			);
			runOnlyForDeploymentPostprocessing = 0;
		};
/* End PBXResourcesBuildPhase section */

/* Begin PBXSourcesBuildPhase section */
		F51266FD29CB882B0015CB28 /* Sources */ = {
			isa = PBXSourcesBuildPhase;
			buildActionMask = 2147483647;
			files = (
				F512672029CB99DF0015CB28 /* CircleGroupView.swift in Sources */,
				F512671C29CB8C980015CB28 /* OnboardingView.swift in Sources */,
				F512671E29CB8C9F0015CB28 /* HomeView.swift in Sources */,
				F512670729CB882B0015CB28 /* ContentView.swift in Sources */,
				F512670529CB882B0015CB28 /* RestartAppApp.swift in Sources */,
				F56A090729CC61C800C7906A /* QuoteData.swift in Sources */,
				F56A090429CC5A8B00C7906A /* AudioPlayer.swift in Sources */,
			);
			runOnlyForDeploymentPostprocessing = 0;
		};
/* End PBXSourcesBuildPhase section */

/* Begin XCBuildConfiguration section */
		F512670D29CB882C0015CB28 /* Debug */ = {
			isa = XCBuildConfiguration;
			buildSettings = {
				ALWAYS_SEARCH_USER_PATHS = NO;
				CLANG_ANALYZER_NONNULL = YES;
				CLANG_ANALYZER_NUMBER_OBJECT_CONVERSION = YES_AGGRESSIVE;
				CLANG_CXX_LANGUAGE_STANDARD = "gnu++20";
				CLANG_ENABLE_MODULES = YES;
				CLANG_ENABLE_OBJC_ARC = YES;
				CLANG_ENABLE_OBJC_WEAK = YES;
				CLANG_WARN_BLOCK_CAPTURE_AUTORELEASING = YES;
				CLANG_WARN_BOOL_CONVERSION = YES;
				CLANG_WARN_COMMA = YES;
				CLANG_WARN_CONSTANT_CONVERSION = YES;
				CLANG_WARN_DEPRECATED_OBJC_IMPLEMENTATIONS = YES;
				CLANG_WARN_DIRECT_OBJC_ISA_USAGE = YES_ERROR;
				CLANG_WARN_DOCUMENTATION_COMMENTS = YES;
				CLANG_WARN_EMPTY_BODY = YES;
				CLANG_WARN_ENUM_CONVERSION = YES;
				CLANG_WARN_INFINITE_RECURSION = YES;
				CLANG_WARN_INT_CONVERSION = YES;
				CLANG_WARN_NON_LITERAL_NULL_CONVERSION = YES;
				CLANG_WARN_OBJC_IMPLICIT_RETAIN_SELF = YES;
				CLANG_WARN_OBJC_LITERAL_CONVERSION = YES;
				CLANG_WARN_OBJC_ROOT_CLASS = YES_ERROR;
				CLANG_WARN_QUOTED_INCLUDE_IN_FRAMEWORK_HEADER = YES;
				CLANG_WARN_RANGE_LOOP_ANALYSIS = YES;
				CLANG_WARN_STRICT_PROTOTYPES = YES;
				CLANG_WARN_SUSPICIOUS_MOVE = YES;
				CLANG_WARN_UNGUARDED_AVAILABILITY = YES_AGGRESSIVE;
				CLANG_WARN_UNREACHABLE_CODE = YES;
				CLANG_WARN__DUPLICATE_METHOD_MATCH = YES;
				COPY_PHASE_STRIP = NO;
				DEBUG_INFORMATION_FORMAT = dwarf;
				ENABLE_STRICT_OBJC_MSGSEND = YES;
				ENABLE_TESTABILITY = YES;
				GCC_C_LANGUAGE_STANDARD = gnu11;
				GCC_DYNAMIC_NO_PIC = NO;
				GCC_NO_COMMON_BLOCKS = YES;
				GCC_OPTIMIZATION_LEVEL = 0;
				GCC_PREPROCESSOR_DEFINITIONS = (
					"DEBUG=1",
					"$(inherited)",
				);
				GCC_WARN_64_TO_32_BIT_CONVERSION = YES;
				GCC_WARN_ABOUT_RETURN_TYPE = YES_ERROR;
				GCC_WARN_UNDECLARED_SELECTOR = YES;
				GCC_WARN_UNINITIALIZED_AUTOS = YES_AGGRESSIVE;
				GCC_WARN_UNUSED_FUNCTION = YES;
				GCC_WARN_UNUSED_VARIABLE = YES;
				IPHONEOS_DEPLOYMENT_TARGET = 16.2;
				MTL_ENABLE_DEBUG_INFO = INCLUDE_SOURCE;
				MTL_FAST_MATH = YES;
				ONLY_ACTIVE_ARCH = YES;
				SDKROOT = iphoneos;
				SWIFT_ACTIVE_COMPILATION_CONDITIONS = DEBUG;
				SWIFT_OPTIMIZATION_LEVEL = "-Onone";
			};
			name = Debug;
		};
		F512670E29CB882C0015CB28 /* Release */ = {
			isa = XCBuildConfiguration;
			buildSettings = {
				ALWAYS_SEARCH_USER_PATHS = NO;
				CLANG_ANALYZER_NONNULL = YES;
				CLANG_ANALYZER_NUMBER_OBJECT_CONVERSION = YES_AGGRESSIVE;
				CLANG_CXX_LANGUAGE_STANDARD = "gnu++20";
				CLANG_ENABLE_MODULES = YES;
				CLANG_ENABLE_OBJC_ARC = YES;
				CLANG_ENABLE_OBJC_WEAK = YES;
				CLANG_WARN_BLOCK_CAPTURE_AUTORELEASING = YES;
				CLANG_WARN_BOOL_CONVERSION = YES;
				CLANG_WARN_COMMA = YES;
				CLANG_WARN_CONSTANT_CONVERSION = YES;
				CLANG_WARN_DEPRECATED_OBJC_IMPLEMENTATIONS = YES;
				CLANG_WARN_DIRECT_OBJC_ISA_USAGE = YES_ERROR;
				CLANG_WARN_DOCUMENTATION_COMMENTS = YES;
				CLANG_WARN_EMPTY_BODY = YES;
				CLANG_WARN_ENUM_CONVERSION = YES;
				CLANG_WARN_INFINITE_RECURSION = YES;
				CLANG_WARN_INT_CONVERSION = YES;
				CLANG_WARN_NON_LITERAL_NULL_CONVERSION = YES;
				CLANG_WARN_OBJC_IMPLICIT_RETAIN_SELF = YES;
				CLANG_WARN_OBJC_LITERAL_CONVERSION = YES;
				CLANG_WARN_OBJC_ROOT_CLASS = YES_ERROR;
				CLANG_WARN_QUOTED_INCLUDE_IN_FRAMEWORK_HEADER = YES;
				CLANG_WARN_RANGE_LOOP_ANALYSIS = YES;
				CLANG_WARN_STRICT_PROTOTYPES = YES;
				CLANG_WARN_SUSPICIOUS_MOVE = YES;
				CLANG_WARN_UNGUARDED_AVAILABILITY = YES_AGGRESSIVE;
				CLANG_WARN_UNREACHABLE_CODE = YES;
				CLANG_WARN__DUPLICATE_METHOD_MATCH = YES;
				COPY_PHASE_STRIP = NO;
				DEBUG_INFORMATION_FORMAT = "dwarf-with-dsym";
				ENABLE_NS_ASSERTIONS = NO;
				ENABLE_STRICT_OBJC_MSGSEND = YES;
				GCC_C_LANGUAGE_STANDARD = gnu11;
				GCC_NO_COMMON_BLOCKS = YES;
				GCC_WARN_64_TO_32_BIT_CONVERSION = YES;
				GCC_WARN_ABOUT_RETURN_TYPE = YES_ERROR;
				GCC_WARN_UNDECLARED_SELECTOR = YES;
				GCC_WARN_UNINITIALIZED_AUTOS = YES_AGGRESSIVE;
				GCC_WARN_UNUSED_FUNCTION = YES;
				GCC_WARN_UNUSED_VARIABLE = YES;
				IPHONEOS_DEPLOYMENT_TARGET = 16.2;
				MTL_ENABLE_DEBUG_INFO = NO;
				MTL_FAST_MATH = YES;
				SDKROOT = iphoneos;
				SWIFT_COMPILATION_MODE = wholemodule;
				SWIFT_OPTIMIZATION_LEVEL = "-O";
				VALIDATE_PRODUCT = YES;
			};
			name = Release;
		};
		F512671029CB882C0015CB28 /* Debug */ = {
			isa = XCBuildConfiguration;
			buildSettings = {
				ASSETCATALOG_COMPILER_APPICON_NAME = AppIcon;
				ASSETCATALOG_COMPILER_GLOBAL_ACCENT_COLOR_NAME = AccentColor;
				CODE_SIGN_STYLE = Automatic;
				CURRENT_PROJECT_VERSION = 1;
				DEVELOPMENT_ASSET_PATHS = "\"RestartApp/Preview Content\"";
				DEVELOPMENT_TEAM = 5BDQ5WR29P;
				ENABLE_PREVIEWS = YES;
				GENERATE_INFOPLIST_FILE = YES;
				INFOPLIST_FILE = RestartApp/Info.plist;
				INFOPLIST_KEY_UIApplicationSupportsIndirectInputEvents = YES;
				INFOPLIST_KEY_UISupportedInterfaceOrientations = UIInterfaceOrientationPortrait;
				IPHONEOS_DEPLOYMENT_TARGET = 16.0;
				LD_RUNPATH_SEARCH_PATHS = (
					"$(inherited)",
					"@executable_path/Frameworks",
				);
				MARKETING_VERSION = 1.0;
				PRODUCT_BUNDLE_IDENTIFIER = com.bariscansertkaya.RestartApp;
				PRODUCT_NAME = "$(TARGET_NAME)";
				SWIFT_EMIT_LOC_STRINGS = YES;
				SWIFT_VERSION = 5.0;
				TARGETED_DEVICE_FAMILY = "1,2";
			};
			name = Debug;
		};
		F512671129CB882C0015CB28 /* Release */ = {
			isa = XCBuildConfiguration;
			buildSettings = {
				ASSETCATALOG_COMPILER_APPICON_NAME = AppIcon;
				ASSETCATALOG_COMPILER_GLOBAL_ACCENT_COLOR_NAME = AccentColor;
				CODE_SIGN_STYLE = Automatic;
				CURRENT_PROJECT_VERSION = 1;
				DEVELOPMENT_ASSET_PATHS = "\"RestartApp/Preview Content\"";
				DEVELOPMENT_TEAM = 5BDQ5WR29P;
				ENABLE_PREVIEWS = YES;
				GENERATE_INFOPLIST_FILE = YES;
				INFOPLIST_FILE = RestartApp/Info.plist;
				INFOPLIST_KEY_UIApplicationSupportsIndirectInputEvents = YES;
				INFOPLIST_KEY_UISupportedInterfaceOrientations = UIInterfaceOrientationPortrait;
				IPHONEOS_DEPLOYMENT_TARGET = 16.0;
				LD_RUNPATH_SEARCH_PATHS = (
					"$(inherited)",
					"@executable_path/Frameworks",
				);
				MARKETING_VERSION = 1.0;
				PRODUCT_BUNDLE_IDENTIFIER = com.bariscansertkaya.RestartApp;
				PRODUCT_NAME = "$(TARGET_NAME)";
				SWIFT_EMIT_LOC_STRINGS = YES;
				SWIFT_VERSION = 5.0;
				TARGETED_DEVICE_FAMILY = "1,2";
			};
			name = Release;
		};
/* End XCBuildConfiguration section */

/* Begin XCConfigurationList section */
		F51266FC29CB882B0015CB28 /* Build configuration list for PBXProject "RestartApp" */ = {
			isa = XCConfigurationList;
			buildConfigurations = (
				F512670D29CB882C0015CB28 /* Debug */,
				F512670E29CB882C0015CB28 /* Release */,
			);
			defaultConfigurationIsVisible = 0;
			defaultConfigurationName = Release;
		};
		F512670F29CB882C0015CB28 /* Build configuration list for PBXNativeTarget "RestartApp" */ = {
			isa = XCConfigurationList;
			buildConfigurations = (
				F512671029CB882C0015CB28 /* Debug */,
				F512671129CB882C0015CB28 /* Release */,
			);
			defaultConfigurationIsVisible = 0;
			defaultConfigurationName = Release;
		};
/* End XCConfigurationList section */
	};
	rootObject = F51266F929CB882B0015CB28 /* Project object */;
}
